
Microsoft Visual Studio Solution File, Format Version 12.00
# Visual Studio 2013
VisualStudioVersion = 12.0.31101.0
MinimumVisualStudioVersion = 10.0.40219.1
Project("{2150E333-8FDC-42A3-9474-1A3956D46DE8}") = "00 PH.SAAS.Task.Presentation", "00 PH.SAAS.Task.Presentation", "{5613BF3C-D7E5-416E-A524-E51489306727}"
EndProject
Project("{2150E333-8FDC-42A3-9474-1A3956D46DE8}") = "01 PH.SAAS.Task.Data", "01 PH.SAAS.Task.Data", "{47C20CA1-5F09-4693-89D8-22490050F585}"
EndProject
Project("{FAE04EC0-301F-11D3-BF4B-00C04F79EFBC}") = "PH.SAAS.Task.Data", "01 PH.SAAS.Task.Data\PH.SAAS.Task.Data\PH.SAAS.Task.Data.csproj", "{D97375E8-F53B-4338-A4FA-AF006206D81D}"
EndProject
Project("{FAE04EC0-301F-11D3-BF4B-00C04F79EFBC}") = "PH.SAAS.Task.UI", "00 PH.SAAS.Task.Presentation\PH.SAAS.Task.UI\PH.SAAS.Task.UI.csproj", "{221584A7-6154-4254-874E-CC3CFEA640EC}"
EndProject
Project("{2150E333-8FDC-42A3-9474-1A3956D46DE8}") = "03 PH.SAAS.Task.Utility", "03 PH.SAAS.Task.Utility", "{46EB51DC-D69C-4920-AE29-CCD078253951}"
EndProject
Project("{FAE04EC0-301F-11D3-BF4B-00C04F79EFBC}") = "PH.SAAS.Task.Models", "01 PH.SAAS.Task.Data\PH.SAAS.Task.Models\PH.SAAS.Task.Models.csproj", "{A02BCC94-9FC8-4084-B7D8-DAE85BE0A745}"
EndProject
Project("{FAE04EC0-301F-11D3-BF4B-00C04F79EFBC}") = "PH.SAAS.Task.Core", "02 PH.SAAS.Task.Utility\PH.SAAS.Task.Core\PH.SAAS.Task.Core.csproj", "{0A3CEABF-DC48-4CFD-872F-F79804CE04E0}"
EndProject
Project("{FAE04EC0-301F-11D3-BF4B-00C04F79EFBC}") = "PH.SAAS.Task.Node", "02 PH.SAAS.Task.Utility\PH.SAAS.Task.Node\PH.SAAS.Task.Node.csproj", "{C1DEC9EA-A812-49E0-8E05-D6B15039092E}"
EndProject
Project("{FAE04EC0-301F-11D3-BF4B-00C04F79EFBC}") = "PH.SAAS.Task.HostService", "00 PH.SAAS.Task.Presentation\PH.SAAS.Task.HostService\PH.SAAS.Task.HostService.csproj", "{0CFA7AF9-7AAF-40B5-8F8F-FCACAB019E4A}"
EndProject
Project("{2150E333-8FDC-42A3-9474-1A3956D46DE8}") = "04 PH.SAAS.Task.Assembly", "04 PH.SAAS.Task.Assembly", "{8BEB2F0B-3C9C-4D67-AECC-BEE8F5D91688}"
EndProject
Project("{FAE04EC0-301F-11D3-BF4B-00C04F79EFBC}") = "PH.SAAS.Task.Order", "04 PH.SAAS.Task.Assembly\PH.SAAS.Task.Order\PH.SAAS.Task.Order.csproj", "{117FED72-D90F-468C-93A5-C2A552F604B3}"
EndProject
Project("{FAE04EC0-301F-11D3-BF4B-00C04F79EFBC}") = "PH.SAAS.Task.Monitor", "04 PH.SAAS.Task.Assembly\PH.SAAS.Task.Monitor\PH.SAAS.Task.Monitor.csproj", "{584DEE89-21BF-4EA3-A761-BB175AFD6D7D}"
EndProject
Global
	GlobalSection(SolutionConfigurationPlatforms) = preSolution
		Debug|Any CPU = Debug|Any CPU
		Release|Any CPU = Release|Any CPU
	EndGlobalSection
	GlobalSection(ProjectConfigurationPlatforms) = postSolution
		{D97375E8-F53B-4338-A4FA-AF006206D81D}.Debug|Any CPU.ActiveCfg = Debug|Any CPU
		{D97375E8-F53B-4338-A4FA-AF006206D81D}.Debug|Any CPU.Build.0 = Debug|Any CPU
		{D97375E8-F53B-4338-A4FA-AF006206D81D}.Release|Any CPU.ActiveCfg = Release|Any CPU
		{D97375E8-F53B-4338-A4FA-AF006206D81D}.Release|Any CPU.Build.0 = Release|Any CPU
		{221584A7-6154-4254-874E-CC3CFEA640EC}.Debug|Any CPU.ActiveCfg = Debug|Any CPU
		{221584A7-6154-4254-874E-CC3CFEA640EC}.Debug|Any CPU.Build.0 = Debug|Any CPU
		{221584A7-6154-4254-874E-CC3CFEA640EC}.Release|Any CPU.ActiveCfg = Release|Any CPU
		{221584A7-6154-4254-874E-CC3CFEA640EC}.Release|Any CPU.Build.0 = Release|Any CPU
		{A02BCC94-9FC8-4084-B7D8-DAE85BE0A745}.Debug|Any CPU.ActiveCfg = Debug|Any CPU
		{A02BCC94-9FC8-4084-B7D8-DAE85BE0A745}.Debug|Any CPU.Build.0 = Debug|Any CPU
		{A02BCC94-9FC8-4084-B7D8-DAE85BE0A745}.Release|Any CPU.ActiveCfg = Release|Any CPU
		{A02BCC94-9FC8-4084-B7D8-DAE85BE0A745}.Release|Any CPU.Build.0 = Release|Any CPU
		{0A3CEABF-DC48-4CFD-872F-F79804CE04E0}.Debug|Any CPU.ActiveCfg = Debug|Any CPU
		{0A3CEABF-DC48-4CFD-872F-F79804CE04E0}.Debug|Any CPU.Build.0 = Debug|Any CPU
		{0A3CEABF-DC48-4CFD-872F-F79804CE04E0}.Release|Any CPU.ActiveCfg = Release|Any CPU
		{0A3CEABF-DC48-4CFD-872F-F79804CE04E0}.Release|Any CPU.Build.0 = Release|Any CPU
		{C1DEC9EA-A812-49E0-8E05-D6B15039092E}.Debug|Any CPU.ActiveCfg = Debug|Any CPU
		{C1DEC9EA-A812-49E0-8E05-D6B15039092E}.Debug|Any CPU.Build.0 = Debug|Any CPU
		{C1DEC9EA-A812-49E0-8E05-D6B15039092E}.Release|Any CPU.ActiveCfg = Release|Any CPU
		{C1DEC9EA-A812-49E0-8E05-D6B15039092E}.Release|Any CPU.Build.0 = Release|Any CPU
		{0CFA7AF9-7AAF-40B5-8F8F-FCACAB019E4A}.Debug|Any CPU.ActiveCfg = Debug|Any CPU
		{0CFA7AF9-7AAF-40B5-8F8F-FCACAB019E4A}.Debug|Any CPU.Build.0 = Debug|Any CPU
		{0CFA7AF9-7AAF-40B5-8F8F-FCACAB019E4A}.Release|Any CPU.ActiveCfg = Release|Any CPU
		{0CFA7AF9-7AAF-40B5-8F8F-FCACAB019E4A}.Release|Any CPU.Build.0 = Release|Any CPU
		{117FED72-D90F-468C-93A5-C2A552F604B3}.Debug|Any CPU.ActiveCfg = Debug|Any CPU
		{117FED72-D90F-468C-93A5-C2A552F604B3}.Debug|Any CPU.Build.0 = Debug|Any CPU
		{117FED72-D90F-468C-93A5-C2A552F604B3}.Release|Any CPU.ActiveCfg = Release|Any CPU
		{117FED72-D90F-468C-93A5-C2A552F604B3}.Release|Any CPU.Build.0 = Release|Any CPU
		{584DEE89-21BF-4EA3-A761-BB175AFD6D7D}.Debug|Any CPU.ActiveCfg = Debug|Any CPU
		{584DEE89-21BF-4EA3-A761-BB175AFD6D7D}.Debug|Any CPU.Build.0 = Debug|Any CPU
		{584DEE89-21BF-4EA3-A761-BB175AFD6D7D}.Release|Any CPU.ActiveCfg = Release|Any CPU
		{584DEE89-21BF-4EA3-A761-BB175AFD6D7D}.Release|Any CPU.Build.0 = Release|Any CPU
	EndGlobalSection
	GlobalSection(SolutionProperties) = preSolution
		HideSolutionNode = FALSE
	EndGlobalSection
	GlobalSection(NestedProjects) = preSolution
		{D97375E8-F53B-4338-A4FA-AF006206D81D} = {47C20CA1-5F09-4693-89D8-22490050F585}
		{221584A7-6154-4254-874E-CC3CFEA640EC} = {5613BF3C-D7E5-416E-A524-E51489306727}
		{A02BCC94-9FC8-4084-B7D8-DAE85BE0A745} = {47C20CA1-5F09-4693-89D8-22490050F585}
		{0A3CEABF-DC48-4CFD-872F-F79804CE04E0} = {46EB51DC-D69C-4920-AE29-CCD078253951}
		{C1DEC9EA-A812-49E0-8E05-D6B15039092E} = {46EB51DC-D69C-4920-AE29-CCD078253951}
		{0CFA7AF9-7AAF-40B5-8F8F-FCACAB019E4A} = {5613BF3C-D7E5-416E-A524-E51489306727}
		{117FED72-D90F-468C-93A5-C2A552F604B3} = {8BEB2F0B-3C9C-4D67-AECC-BEE8F5D91688}
		{584DEE89-21BF-4EA3-A761-BB175AFD6D7D} = {8BEB2F0B-3C9C-4D67-AECC-BEE8F5D91688}
	EndGlobalSection
EndGlobal
